{
  "pins" : [
    {
      "identity" : "agorainfra_macos",
      "kind" : "remoteSourceControl",
      "location" : "https://github.com/AgoraIO/AgoraInfra_macOS.git",
      "state" : {
        "revision" : "b10a9ed08c73774ccb6569777034c70acab1656b",
        "version" : "1.2.13"
      }
    },
    {
      "identity" : "agorartcengine_macos",
      "kind" : "remoteSourceControl",
      "location" : "https://github.com/AgoraIO/AgoraRtcEngine_macOS",
      "state" : {
        "revision" : "af1e2edb4f6d7cb3a5d47237affcf9815ec3f5a8",
        "version" : "4.5.2"
      }
    }
  ],
  "version" : 2
}
