PODS:
  - agora_rtc_ng (0.0.1):
    - AgoraIrisRTC_macOS (= 3.8.201)
    - AgoraRtcEngine_Special_macOS (= 3.8.201.2)
    - FlutterMacOS
  - AgoraIrisEventFlutter_macOS_Beta (1.0.0)
  - AgoraIrisRTC_macOS (3.8.201)
  - AgoraRtcEngine_Special_macOS (3.8.201.2)
  - FlutterMacOS (1.0.0)
  - iris_event (0.0.1):
    - AgoraIrisEventFlutter_macOS_Beta (= 1.0.0)
    - FlutterMacOS
  - path_provider_macos (0.0.1):
    - FlutterMacOS

DEPENDENCIES:
  - agora_rtc_ng (from `Flutter/ephemeral/.symlinks/plugins/agora_rtc_ng/macos`)
  - FlutterMacOS (from `Flutter/ephemeral`)
  - iris_event (from `Flutter/ephemeral/.symlinks/plugins/iris_event/macos`)
  - path_provider_macos (from `Flutter/ephemeral/.symlinks/plugins/path_provider_macos/macos`)

SPEC REPOS:
  trunk:
    - AgoraIrisEventFlutter_macOS_Beta
    - AgoraIrisRTC_macOS
    - AgoraRtcEngine_Special_macOS

EXTERNAL SOURCES:
  agora_rtc_ng:
    :path: Flutter/ephemeral/.symlinks/plugins/agora_rtc_ng/macos
  FlutterMacOS:
    :path: Flutter/ephemeral
  iris_event:
    :path: Flutter/ephemeral/.symlinks/plugins/iris_event/macos
  path_provider_macos:
    :path: Flutter/ephemeral/.symlinks/plugins/path_provider_macos/macos

SPEC CHECKSUMS:
  agora_rtc_ng: 97f253c9c98a13840d029f28da3bb7f58d3c24a7
  AgoraIrisEventFlutter_macOS_Beta: 5501db98308bd63c5a50739e3425f59b5ea733ed
  AgoraIrisRTC_macOS: 670631309d5f5f46bb7666d679145f5a31cecd4b
  AgoraRtcEngine_Special_macOS: c9590009101ef121abeb0030edb36d5f60de8c84
  FlutterMacOS: 57701585bf7de1b3fc2bb61f6378d73bbdea8424
  iris_event: 03f5c58cce035c041c7c21ce8a708c9c94435fbe
  path_provider_macos: 3c0c3b4b0d4a76d2bf989a913c2de869c5641a19

PODFILE CHECKSUM: 4a38fdef93054e111861dae58b137ee3dd407261

COCOAPODS: 1.11.2
