PODS:
  - agora_rtc_engine (0.0.1):
    - AgoraIrisRTC_macOS (= 4.0.0-beta.8)
    - FlutterMacOS
  - AgoraIrisEventFlutter_macOS (1.4.1)
  - AgoraIrisRTC_macOS (4.0.0-beta.8)
  - FlutterMacOS (1.0.0)
  - iris_event (0.0.1):
    - AgoraIrisEventFlutter_macOS (= 1.4.1)
    - FlutterMacOS
  - path_provider_macos (0.0.1):
    - FlutterMacOS

DEPENDENCIES:
  - agora_rtc_engine (from `Flutter/ephemeral/.symlinks/plugins/agora_rtc_engine/macos`)
  - FlutterMacOS (from `Flutter/ephemeral`)
  - iris_event (from `Flutter/ephemeral/.symlinks/plugins/iris_event/macos`)
  - path_provider_macos (from `Flutter/ephemeral/.symlinks/plugins/path_provider_macos/macos`)

SPEC REPOS:
  trunk:
    - AgoraIrisEventFlutter_macOS
    - AgoraIrisRTC_macOS

EXTERNAL SOURCES:
  agora_rtc_engine:
    :path: Flutter/ephemeral/.symlinks/plugins/agora_rtc_engine/macos
  FlutterMacOS:
    :path: Flutter/ephemeral
  iris_event:
    :path: Flutter/ephemeral/.symlinks/plugins/iris_event/macos
  path_provider_macos:
    :path: Flutter/ephemeral/.symlinks/plugins/path_provider_macos/macos

SPEC CHECKSUMS:
  agora_rtc_engine: c4f1b8a07e316beaa5999b3303aac183d9575a84
  AgoraIrisEventFlutter_macOS: 8b8d79b96226bb9ce90971de7fdecf98e7f640f6
  AgoraIrisRTC_macOS: bf33ee9572d43c38308e238832bdcacbc25baa7f
  FlutterMacOS: 57701585bf7de1b3fc2bb61f6378d73bbdea8424
  iris_event: 0c4c48dc970c82dd6f9e2b7a3b11aa1a79302067
  path_provider_macos: 3c0c3b4b0d4a76d2bf989a913c2de869c5641a19

PODFILE CHECKSUM: f2bb58df3d6831896daff86d3d01fbec4595dc04

COCOAPODS: 1.11.3
